
Microsoft Visual Studio Solution File, Format Version 12.00
# Visual Studio 2013
VisualStudioVersion = 12.0.21005.1
MinimumVisualStudioVersion = 10.0.40219.1
Project("{FAE04EC0-301F-11D3-BF4B-00C04F79EFBC}") = "GeoPatGenerator", "Outils\GeoPatGenerator\GeoPatGenerator.csproj", "{96404092-DAD7-4E31-846E-BCBAABF0D025}"
EndProject
Project("{2150E333-8FDC-42A3-9474-1A3956D46DE8}") = "Outils", "Outils", "{4218F41A-2BE5-45C7-AE49-237B33AEF2CC}"
EndProject
Project("{2150E333-8FDC-42A3-9474-1A3956D46DE8}") = "Layers", "Layers", "{6A94AA9E-08CC-410E-9740-E7F15E5644F9}"
EndProject
Project("{FAE04EC0-301F-11D3-BF4B-00C04F79EFBC}") = "Data", "Layers\Data\Data.csproj", "{0536059C-1E7A-43AA-B04E-B8204A16717D}"
EndProject
Project("{FAE04EC0-301F-11D3-BF4B-00C04F79EFBC}") = "Buisness", "Layers\Buisness\Buisness.csproj", "{D7BF03F2-A712-4968-A489-3FB6BD8BCA69}"
EndProject
Project("{2150E333-8FDC-42A3-9474-1A3956D46DE8}") = "Modules", "Modules", "{AD63267C-522A-4C33-8107-712FE71023F7}"
EndProject
Project("{2150E333-8FDC-42A3-9474-1A3956D46DE8}") = "Applications", "Applications", "{DC7A856A-9FA8-40F4-8342-D33B75E783C8}"
EndProject
Project("{FAE04EC0-301F-11D3-BF4B-00C04F79EFBC}") = "Profil", "Applications\Profil\Profil.csproj", "{AC043A3F-B4D5-4163-B89F-50AA3BEA409C}"
EndProject
Project("{FAE04EC0-301F-11D3-BF4B-00C04F79EFBC}") = "Data", "Modules\Data\Data.csproj", "{470C65B5-8CBB-4998-87A9-F06CC10B6285}"
EndProject
Project("{FAE04EC0-301F-11D3-BF4B-00C04F79EFBC}") = "Engine", "Layers\Engine\Engine.csproj", "{9B769E20-E438-4F3E-8DDF-641E1A075844}"
EndProject
Project("{FAE04EC0-301F-11D3-BF4B-00C04F79EFBC}") = "Shared", "Layers\Shared\Shared.csproj", "{140FC1F4-FE2B-45E2-8FE1-EE28B85A2718}"
EndProject
Global
	GlobalSection(SolutionConfigurationPlatforms) = preSolution
		Debug|Any CPU = Debug|Any CPU
		Release|Any CPU = Release|Any CPU
	EndGlobalSection
	GlobalSection(ProjectConfigurationPlatforms) = postSolution
		{96404092-DAD7-4E31-846E-BCBAABF0D025}.Debug|Any CPU.ActiveCfg = Debug|Any CPU
		{96404092-DAD7-4E31-846E-BCBAABF0D025}.Debug|Any CPU.Build.0 = Debug|Any CPU
		{96404092-DAD7-4E31-846E-BCBAABF0D025}.Release|Any CPU.ActiveCfg = Release|Any CPU
		{96404092-DAD7-4E31-846E-BCBAABF0D025}.Release|Any CPU.Build.0 = Release|Any CPU
		{0536059C-1E7A-43AA-B04E-B8204A16717D}.Debug|Any CPU.ActiveCfg = Debug|Any CPU
		{0536059C-1E7A-43AA-B04E-B8204A16717D}.Debug|Any CPU.Build.0 = Debug|Any CPU
		{0536059C-1E7A-43AA-B04E-B8204A16717D}.Release|Any CPU.ActiveCfg = Release|Any CPU
		{0536059C-1E7A-43AA-B04E-B8204A16717D}.Release|Any CPU.Build.0 = Release|Any CPU
		{D7BF03F2-A712-4968-A489-3FB6BD8BCA69}.Debug|Any CPU.ActiveCfg = Debug|Any CPU
		{D7BF03F2-A712-4968-A489-3FB6BD8BCA69}.Debug|Any CPU.Build.0 = Debug|Any CPU
		{D7BF03F2-A712-4968-A489-3FB6BD8BCA69}.Release|Any CPU.ActiveCfg = Release|Any CPU
		{D7BF03F2-A712-4968-A489-3FB6BD8BCA69}.Release|Any CPU.Build.0 = Release|Any CPU
		{AC043A3F-B4D5-4163-B89F-50AA3BEA409C}.Debug|Any CPU.ActiveCfg = Debug|Any CPU
		{AC043A3F-B4D5-4163-B89F-50AA3BEA409C}.Debug|Any CPU.Build.0 = Debug|Any CPU
		{AC043A3F-B4D5-4163-B89F-50AA3BEA409C}.Release|Any CPU.ActiveCfg = Release|Any CPU
		{AC043A3F-B4D5-4163-B89F-50AA3BEA409C}.Release|Any CPU.Build.0 = Release|Any CPU
		{470C65B5-8CBB-4998-87A9-F06CC10B6285}.Debug|Any CPU.ActiveCfg = Debug|Any CPU
		{470C65B5-8CBB-4998-87A9-F06CC10B6285}.Debug|Any CPU.Build.0 = Debug|Any CPU
		{470C65B5-8CBB-4998-87A9-F06CC10B6285}.Release|Any CPU.ActiveCfg = Release|Any CPU
		{470C65B5-8CBB-4998-87A9-F06CC10B6285}.Release|Any CPU.Build.0 = Release|Any CPU
		{9B769E20-E438-4F3E-8DDF-641E1A075844}.Debug|Any CPU.ActiveCfg = Debug|Any CPU
		{9B769E20-E438-4F3E-8DDF-641E1A075844}.Debug|Any CPU.Build.0 = Debug|Any CPU
		{9B769E20-E438-4F3E-8DDF-641E1A075844}.Release|Any CPU.ActiveCfg = Release|Any CPU
		{9B769E20-E438-4F3E-8DDF-641E1A075844}.Release|Any CPU.Build.0 = Release|Any CPU
		{140FC1F4-FE2B-45E2-8FE1-EE28B85A2718}.Debug|Any CPU.ActiveCfg = Debug|Any CPU
		{140FC1F4-FE2B-45E2-8FE1-EE28B85A2718}.Debug|Any CPU.Build.0 = Debug|Any CPU
		{140FC1F4-FE2B-45E2-8FE1-EE28B85A2718}.Release|Any CPU.ActiveCfg = Release|Any CPU
		{140FC1F4-FE2B-45E2-8FE1-EE28B85A2718}.Release|Any CPU.Build.0 = Release|Any CPU
	EndGlobalSection
	GlobalSection(SolutionProperties) = preSolution
		HideSolutionNode = FALSE
	EndGlobalSection
	GlobalSection(NestedProjects) = preSolution
		{96404092-DAD7-4E31-846E-BCBAABF0D025} = {4218F41A-2BE5-45C7-AE49-237B33AEF2CC}
		{0536059C-1E7A-43AA-B04E-B8204A16717D} = {6A94AA9E-08CC-410E-9740-E7F15E5644F9}
		{D7BF03F2-A712-4968-A489-3FB6BD8BCA69} = {6A94AA9E-08CC-410E-9740-E7F15E5644F9}
		{9B769E20-E438-4F3E-8DDF-641E1A075844} = {6A94AA9E-08CC-410E-9740-E7F15E5644F9}
		{140FC1F4-FE2B-45E2-8FE1-EE28B85A2718} = {6A94AA9E-08CC-410E-9740-E7F15E5644F9}
		{470C65B5-8CBB-4998-87A9-F06CC10B6285} = {AD63267C-522A-4C33-8107-712FE71023F7}
		{AC043A3F-B4D5-4163-B89F-50AA3BEA409C} = {DC7A856A-9FA8-40F4-8342-D33B75E783C8}
	EndGlobalSection
	GlobalSection(ExtensibilityGlobals) = postSolution
		EnterpriseLibraryConfigurationToolBinariesPath = packages\Unity.2.1.505.2\lib\NET35
	EndGlobalSection
EndGlobal
